// !$*UTF8*$!
{
	archiveVersion = 1;
	classes = {
	};
	objectVersion = 50;
	objects = {

/* Begin PBXBuildFile section */
		29AC0C5520934DF900CE91BD /* AppDelegate.swift in Sources */ = {isa = PBXBuildFile; fileRef = 29AC0C5420934DF900CE91BD /* AppDelegate.swift */; };
		29AC0C5720934DF900CE91BD /* ViewController.swift in Sources */ = {isa = PBXBuildFile; fileRef = 29AC0C5620934DF900CE91BD /* ViewController.swift */; };
		29AC0C5A20934DF900CE91BD /* Main.storyboard in Resources */ = {isa = PBXBuildFile; fileRef = 29AC0C5820934DF900CE91BD /* Main.storyboard */; };
		29AC0C5C20934DFB00CE91BD /* Assets.xcassets in Resources */ = {isa = PBXBuildFile; fileRef = 29AC0C5B20934DFB00CE91BD /* Assets.xcassets */; };
		29AC0C5F20934DFB00CE91BD /* LaunchScreen.storyboard in Resources */ = {isa = PBXBuildFile; fileRef = 29AC0C5D20934DFB00CE91BD /* LaunchScreen.storyboard */; };
/* End PBXBuildFile section */

/* Begin PBXFileReference section */
		29AC0C5120934DF900CE91BD /* OCRwithTesseract.app */ = {isa = PBXFileReference; explicitFileType = wrapper.application; includeInIndex = 0; path = OCRwithTesseract.app; sourceTree = BUILT_PRODUCTS_DIR; };
		29AC0C5420934DF900CE91BD /* AppDelegate.swift */ = {isa = PBXFileReference; lastKnownFileType = sourcecode.swift; path = AppDelegate.swift; sourceTree = "<group>"; };
		29AC0C5620934DF900CE91BD /* ViewController.swift */ = {isa = PBXFileReference; lastKnownFileType = sourcecode.swift; path = ViewController.swift; sourceTree = "<group>"; };
		29AC0C5920934DF900CE91BD /* Base */ = {isa = PBXFileReference; lastKnownFileType = file.storyboard; name = Base; path = Base.lproj/Main.storyboard; sourceTree = "<group>"; };
		29AC0C5B20934DFB00CE91BD /* Assets.xcassets */ = {isa = PBXFileReference; lastKnownFileType = folder.assetcatalog; path = Assets.xcassets; sourceTree = "<group>"; };
		29AC0C5E20934DFB00CE91BD /* Base */ = {isa = PBXFileReference; lastKnownFileType = file.storyboard; name = Base; path = Base.lproj/LaunchScreen.storyboard; sourceTree = "<group>"; };
		29AC0C6020934DFB00CE91BD /* Info.plist */ = {isa = PBXFileReference; lastKnownFileType = text.plist.xml; path = Info.plist; sourceTree = "<group>"; };
/* End PBXFileReference section */

/* Begin PBXFrameworksBuildPhase section */
		29AC0C4E20934DF900CE91BD /* Frameworks */ = {
			isa = PBXFrameworksBuildPhase;
			buildActionMask = 2147483647;
			files = (
			);
			runOnlyForDeploymentPostprocessing = 0;
		};
/* End PBXFrameworksBuildPhase section */

/* Begin PBXGroup section */
		29AC0C4820934DF900CE91BD = {
			isa = PBXGroup;
			children = (
				29AC0C5320934DF900CE91BD /* OCRwithTesseract */,
				29AC0C5220934DF900CE91BD /* Products */,
			);
			sourceTree = "<group>";
		};
		29AC0C5220934DF900CE91BD /* Products */ = {
			isa = PBXGroup;
			children = (
				29AC0C5120934DF900CE91BD /* OCRwithTesseract.app */,
			);
			name = Products;
			sourceTree = "<group>";
		};
		29AC0C5320934DF900CE91BD /* OCRwithTesseract */ = {
			isa = PBXGroup;
			children = (
				29AC0C5420934DF900CE91BD /* AppDelegate.swift */,
				29AC0C5620934DF900CE91BD /* ViewController.swift */,
				29AC0C5820934DF900CE91BD /* Main.storyboard */,
				29AC0C5B20934DFB00CE91BD /* Assets.xcassets */,
				29AC0C5D20934DFB00CE91BD /* LaunchScreen.storyboard */,
				29AC0C6020934DFB00CE91BD /* Info.plist */,
			);
			path = OCRwithTesseract;
			sourceTree = "<group>";
		};
/* End PBXGroup section */

/* Begin PBXNativeTarget section */
		29AC0C5020934DF900CE91BD /* OCRwithTesseract */ = {
			isa = PBXNativeTarget;
			buildConfigurationList = 29AC0C6320934DFB00CE91BD /* Build configuration list for PBXNativeTarget "OCRwithTesseract" */;
			buildPhases = (
				29AC0C4D20934DF900CE91BD /* Sources */,
				29AC0C4E20934DF900CE91BD /* Frameworks */,
				29AC0C4F20934DF900CE91BD /* Resources */,
			);
			buildRules = (
			);
			dependencies = (
			);
			name = OCRwithTesseract;
			productName = OCRwithTesseract;
			productReference = 29AC0C5120934DF900CE91BD /* OCRwithTesseract.app */;
			productType = "com.apple.product-type.application";
		};
/* End PBXNativeTarget section */

/* Begin PBXProject section */
		29AC0C4920934DF900CE91BD /* Project object */ = {
			isa = PBXProject;
			attributes = {
				LastSwiftUpdateCheck = 0930;
				LastUpgradeCheck = 0930;
				ORGANIZATIONNAME = "Bernardo Sarto de Lucena";
				TargetAttributes = {
					29AC0C5020934DF900CE91BD = {
						CreatedOnToolsVersion = 9.3;
					};
				};
			};
			buildConfigurationList = 29AC0C4C20934DF900CE91BD /* Build configuration list for PBXProject "OCRwithTesseract" */;
			compatibilityVersion = "Xcode 9.3";
			developmentRegion = en;
			hasScannedForEncodings = 0;
			knownRegions = (
				en,
				Base,
			);
			mainGroup = 29AC0C4820934DF900CE91BD;
			productRefGroup = 29AC0C5220934DF900CE91BD /* Products */;
			projectDirPath = "";
			projectRoot = "";
			targets = (
				29AC0C5020934DF900CE91BD /* OCRwithTesseract */,
			);
		};
/* End PBXProject section */

/* Begin PBXResourcesBuildPhase section */
		29AC0C4F20934DF900CE91BD /* Resources */ = {
			isa = PBXResourcesBuildPhase;
			buildActionMask = 2147483647;
			files = (
				29AC0C5F20934DFB00CE91BD /* LaunchScreen.storyboard in Resources */,
				29AC0C5C20934DFB00CE91BD /* Assets.xcassets in Resources */,
				29AC0C5A20934DF900CE91BD /* Main.storyboard in Resources */,
			);
			runOnlyForDeploymentPostprocessing = 0;
		};
/* End PBXResourcesBuildPhase section */

/* Begin PBXSourcesBuildPhase section */
		29AC0C4D20934DF900CE91BD /* Sources */ = {
			isa = PBXSourcesBuildPhase;
			buildActionMask = 2147483647;
			files = (
				29AC0C5720934DF900CE91BD /* ViewController.swift in Sources */,
				29AC0C5520934DF900CE91BD /* AppDelegate.swift in Sources */,
			);
			runOnlyForDeploymentPostprocessing = 0;
		};
/* End PBXSourcesBuildPhase section */

/* Begin PBXVariantGroup section */
		29AC0C5820934DF900CE91BD /* Main.storyboard */ = {
			isa = PBXVariantGroup;
			children = (
				29AC0C5920934DF900CE91BD /* Base */,
			);
			name = Main.storyboard;
			sourceTree = "<group>";
		};
		29AC0C5D20934DFB00CE91BD /* LaunchScreen.storyboard */ = {
			isa = PBXVariantGroup;
			children = (
				29AC0C5E20934DFB00CE91BD /* Base */,
			);
			name = LaunchScreen.storyboard;
			sourceTree = "<group>";
		};
/* End PBXVariantGroup section */

/* Begin XCBuildConfiguration section */
		29AC0C6120934DFB00CE91BD /* Debug */ = {
			isa = XCBuildConfiguration;
			buildSettings = {
				ALWAYS_SEARCH_USER_PATHS = NO;
				CLANG_ANALYZER_NONNULL = YES;
				CLANG_ANALYZER_NUMBER_OBJECT_CONVERSION = YES_AGGRESSIVE;
				CLANG_CXX_LANGUAGE_STANDARD = "gnu++14";
				CLANG_CXX_LIBRARY = "libc++";
				CLANG_ENABLE_MODULES = YES;
				CLANG_ENABLE_OBJC_ARC = YES;
				CLANG_ENABLE_OBJC_WEAK = YES;
				CLANG_WARN_BLOCK_CAPTURE_AUTORELEASING = YES;
				CLANG_WARN_BOOL_CONVERSION = YES;
				CLANG_WARN_COMMA = YES;
				CLANG_WARN_CONSTANT_CONVERSION = YES;
				CLANG_WARN_DEPRECATED_OBJC_IMPLEMENTATIONS = YES;
				CLANG_WARN_DIRECT_OBJC_ISA_USAGE = YES_ERROR;
				CLANG_WARN_DOCUMENTATION_COMMENTS = YES;
				CLANG_WARN_EMPTY_BODY = YES;
				CLANG_WARN_ENUM_CONVERSION = YES;
				CLANG_WARN_INFINITE_RECURSION = YES;
				CLANG_WARN_INT_CONVERSION = YES;
				CLANG_WARN_NON_LITERAL_NULL_CONVERSION = YES;
				CLANG_WARN_OBJC_IMPLICIT_RETAIN_SELF = YES;
				CLANG_WARN_OBJC_LITERAL_CONVERSION = YES;
				CLANG_WARN_OBJC_ROOT_CLASS = YES_ERROR;
				CLANG_WARN_RANGE_LOOP_ANALYSIS = YES;
				CLANG_WARN_STRICT_PROTOTYPES = YES;
				CLANG_WARN_SUSPICIOUS_MOVE = YES;
				CLANG_WARN_UNGUARDED_AVAILABILITY = YES_AGGRESSIVE;
				CLANG_WARN_UNREACHABLE_CODE = YES;
				CLANG_WARN__DUPLICATE_METHOD_MATCH = YES;
				CODE_SIGN_IDENTITY = "iPhone Developer";
				COPY_PHASE_STRIP = NO;
				DEBUG_INFORMATION_FORMAT = dwarf;
				ENABLE_STRICT_OBJC_MSGSEND = YES;
				ENABLE_TESTABILITY = YES;
				GCC_C_LANGUAGE_STANDARD = gnu11;
				GCC_DYNAMIC_NO_PIC = NO;
				GCC_NO_COMMON_BLOCKS = YES;
				GCC_OPTIMIZATION_LEVEL = 0;
				GCC_PREPROCESSOR_DEFINITIONS = (
					"DEBUG=1",
					"$(inherited)",
				);
				GCC_WARN_64_TO_32_BIT_CONVERSION = YES;
				GCC_WARN_ABOUT_RETURN_TYPE = YES_ERROR;
				GCC_WARN_UNDECLARED_SELECTOR = YES;
				GCC_WARN_UNINITIALIZED_AUTOS = YES_AGGRESSIVE;
				GCC_WARN_UNUSED_FUNCTION = YES;
				GCC_WARN_UNUSED_VARIABLE = YES;
				IPHONEOS_DEPLOYMENT_TARGET = 11.3;
				MTL_ENABLE_DEBUG_INFO = YES;
				ONLY_ACTIVE_ARCH = YES;
				SDKROOT = iphoneos;
				SWIFT_ACTIVE_COMPILATION_CONDITIONS = DEBUG;
				SWIFT_OPTIMIZATION_LEVEL = "-Onone";
			};
			name = Debug;
		};
		29AC0C6220934DFB00CE91BD /* Release */ = {
			isa = XCBuildConfiguration;
			buildSettings = {
				ALWAYS_SEARCH_USER_PATHS = NO;
				CLANG_ANALYZER_NONNULL = YES;
				CLANG_ANALYZER_NUMBER_OBJECT_CONVERSION = YES_AGGRESSIVE;
				CLANG_CXX_LANGUAGE_STANDARD = "gnu++14";
				CLANG_CXX_LIBRARY = "libc++";
				CLANG_ENABLE_MODULES = YES;
				CLANG_ENABLE_OBJC_ARC = YES;
				CLANG_ENABLE_OBJC_WEAK = YES;
				CLANG_WARN_BLOCK_CAPTURE_AUTORELEASING = YES;
				CLANG_WARN_BOOL_CONVERSION = YES;
				CLANG_WARN_COMMA = YES;
				CLANG_WARN_CONSTANT_CONVERSION = YES;
				CLANG_WARN_DEPRECATED_OBJC_IMPLEMENTATIONS = YES;
				CLANG_WARN_DIRECT_OBJC_ISA_USAGE = YES_ERROR;
				CLANG_WARN_DOCUMENTATION_COMMENTS = YES;
				CLANG_WARN_EMPTY_BODY = YES;
				CLANG_WARN_ENUM_CONVERSION = YES;
				CLANG_WARN_INFINITE_RECURSION = YES;
				CLANG_WARN_INT_CONVERSION = YES;
				CLANG_WARN_NON_LITERAL_NULL_CONVERSION = YES;
				CLANG_WARN_OBJC_IMPLICIT_RETAIN_SELF = YES;
				CLANG_WARN_OBJC_LITERAL_CONVERSION = YES;
				CLANG_WARN_OBJC_ROOT_CLASS = YES_ERROR;
				CLANG_WARN_RANGE_LOOP_ANALYSIS = YES;
				CLANG_WARN_STRICT_PROTOTYPES = YES;
				CLANG_WARN_SUSPICIOUS_MOVE = YES;
				CLANG_WARN_UNGUARDED_AVAILABILITY = YES_AGGRESSIVE;
				CLANG_WARN_UNREACHABLE_CODE = YES;
				CLANG_WARN__DUPLICATE_METHOD_MATCH = YES;
				CODE_SIGN_IDENTITY = "iPhone Developer";
				COPY_PHASE_STRIP = NO;
				DEBUG_INFORMATION_FORMAT = "dwarf-with-dsym";
				ENABLE_NS_ASSERTIONS = NO;
				ENABLE_STRICT_OBJC_MSGSEND = YES;
				GCC_C_LANGUAGE_STANDARD = gnu11;
				GCC_NO_COMMON_BLOCKS = YES;
				GCC_WARN_64_TO_32_BIT_CONVERSION = YES;
				GCC_WARN_ABOUT_RETURN_TYPE = YES_ERROR;
				GCC_WARN_UNDECLARED_SELECTOR = YES;
				GCC_WARN_UNINITIALIZED_AUTOS = YES_AGGRESSIVE;
				GCC_WARN_UNUSED_FUNCTION = YES;
				GCC_WARN_UNUSED_VARIABLE = YES;
				IPHONEOS_DEPLOYMENT_TARGET = 11.3;
				MTL_ENABLE_DEBUG_INFO = NO;
				SDKROOT = iphoneos;
				SWIFT_COMPILATION_MODE = wholemodule;
				SWIFT_OPTIMIZATION_LEVEL = "-O";
				VALIDATE_PRODUCT = YES;
			};
			name = Release;
		};
		29AC0C6420934DFB00CE91BD /* Debug */ = {
			isa = XCBuildConfiguration;
			buildSettings = {
				ASSETCATALOG_COMPILER_APPICON_NAME = AppIcon;
				CODE_SIGN_STYLE = Automatic;
				DEVELOPMENT_TEAM = 7S38MGUL29;
				INFOPLIST_FILE = OCRwithTesseract/Info.plist;
				LD_RUNPATH_SEARCH_PATHS = (
					"$(inherited)",
					"@executable_path/Frameworks",
				);
				PRODUCT_BUNDLE_IDENTIFIER = academy.OCRwithTesseract;
				PRODUCT_NAME = "$(TARGET_NAME)";
				SWIFT_VERSION = 4.0;
				TARGETED_DEVICE_FAMILY = "1,2";
			};
			name = Debug;
		};
		29AC0C6520934DFB00CE91BD /* Release */ = {
			isa = XCBuildConfiguration;
			buildSettings = {
				ASSETCATALOG_COMPILER_APPICON_NAME = AppIcon;
				CODE_SIGN_STYLE = Automatic;
				DEVELOPMENT_TEAM = 7S38MGUL29;
				INFOPLIST_FILE = OCRwithTesseract/Info.plist;
				LD_RUNPATH_SEARCH_PATHS = (
					"$(inherited)",
					"@executable_path/Frameworks",
				);
				PRODUCT_BUNDLE_IDENTIFIER = academy.OCRwithTesseract;
				PRODUCT_NAME = "$(TARGET_NAME)";
				SWIFT_VERSION = 4.0;
				TARGETED_DEVICE_FAMILY = "1,2";
			};
			name = Release;
		};
/* End XCBuildConfiguration section */

/* Begin XCConfigurationList section */
		29AC0C4C20934DF900CE91BD /* Build configuration list for PBXProject "OCRwithTesseract" */ = {
			isa = XCConfigurationList;
			buildConfigurations = (
				29AC0C6120934DFB00CE91BD /* Debug */,
				29AC0C6220934DFB00CE91BD /* Release */,
			);
			defaultConfigurationIsVisible = 0;
			defaultConfigurationName = Release;
		};
		29AC0C6320934DFB00CE91BD /* Build configuration list for PBXNativeTarget "OCRwithTesseract" */ = {
			isa = XCConfigurationList;
			buildConfigurations = (
				29AC0C6420934DFB00CE91BD /* Debug */,
				29AC0C6520934DFB00CE91BD /* Release */,
			);
			defaultConfigurationIsVisible = 0;
			defaultConfigurationName = Release;
		};
/* End XCConfigurationList section */
	};
	rootObject = 29AC0C4920934DF900CE91BD /* Project object */;
}
